Microsoft Visual Studio Solution File, Format Version 11.00
# Visual Studio 2012
Project("{4F4EE6A5-B74F-1BEE-164B-7EE6A7CA87B6}") = "Ringmod", "Ringmod.vcxproj", "{62F089F6-01AC-C59A-77D3-A34214442BF6}"
EndProject
Global
	GlobalSection(SolutionConfigurationPlatforms) = preSolution
		Debug|Win32 = Debug|Win32
		Release|Win32 = Release|Win32
	EndGlobalSection
	GlobalSection(ProjectConfigurationPlatforms) = postSolution
		{62F089F6-01AC-C59A-77D3-A34214442BF6}.Debug|Win32.ActiveCfg = Debug|Win32
		{62F089F6-01AC-C59A-77D3-A34214442BF6}.Debug|Win32.Build.0 = Debug|Win32
		{62F089F6-01AC-C59A-77D3-A34214442BF6}.Release|Win32.ActiveCfg = Release|Win32
		{62F089F6-01AC-C59A-77D3-A34214442BF6}.Release|Win32.Build.0 = Release|Win32
	EndGlobalSection
	GlobalSection(SolutionProperties) = preSolution
		HideSolutionNode = FALSE
	EndGlobalSection
EndGlobal
